// !$*UTF8*$!
{
	archiveVersion = 1;
	classes = {
	};
	objectVersion = 77;
	objects = {

/* Begin PBXBuildFile section */
		295A7C17232A524200F74FE2 /* AppDelegate.swift in Sources */ = {isa = PBXBuildFile; fileRef = 295A7C16232A524200F74FE2 /* AppDelegate.swift */; };
		295A7C19232A524200F74FE2 /* ViewController.swift in Sources */ = {isa = PBXBuildFile; fileRef = 295A7C18232A524200F74FE2 /* ViewController.swift */; };
		295A7C1C232A524200F74FE2 /* Main.storyboard in Resources */ = {isa = PBXBuildFile; fileRef = 295A7C1A232A524200F74FE2 /* Main.storyboard */; };
		295A7C1E232A524300F74FE2 /* Assets.xcassets in Resources */ = {isa = PBXBuildFile; fileRef = 295A7C1D232A524300F74FE2 /* Assets.xcassets */; };
		295A7C21232A524300F74FE2 /* LaunchScreen.storyboard in Resources */ = {isa = PBXBuildFile; fileRef = 295A7C1F232A524300F74FE2 /* LaunchScreen.storyboard */; };
		295A7C37232A6CDF00F74FE2 /* Notes.swift in Sources */ = {isa = PBXBuildFile; fileRef = 295A7C36232A6CDF00F74FE2 /* Notes.swift */; };
		710F28874BA54FB9C341D497 /* EntityInfo-IntTestiOSUpdate.generated.swift in Sources */ = {isa = PBXBuildFile; fileRef = 7ED632B7D1988403442CEC0E /* EntityInfo-IntTestiOSUpdate.generated.swift */; };
		9473E100214F2FFC3D69AEFF /* Pods_IntTestiOSUpdate.framework in Frameworks */ = {isa = PBXBuildFile; fileRef = 31C472A1BFB9716133A1CFEF /* Pods_IntTestiOSUpdate.framework */; };
		A9784797BA517075C46DF45F /* Pods_IntTestiOSUpdateTests.framework in Frameworks */ = {isa = PBXBuildFile; fileRef = 74CE626AF9029DC779311806 /* Pods_IntTestiOSUpdateTests.framework */; };
/* End PBXBuildFile section */

/* Begin PBXContainerItemProxy section */
		295A7C28232A524300F74FE2 /* PBXContainerItemProxy */ = {
			isa = PBXContainerItemProxy;
			containerPortal = 295A7C0B232A524200F74FE2 /* Project object */;
			proxyType = 1;
			remoteGlobalIDString = 295A7C12232A524200F74FE2;
			remoteInfo = IntTestiOSUpdate;
		};
/* End PBXContainerItemProxy section */

/* Begin PBXFileReference section */
		295A7C13232A524200F74FE2 /* IntTestiOSUpdate.app */ = {isa = PBXFileReference; explicitFileType = wrapper.application; includeInIndex = 0; path = IntTestiOSUpdate.app; sourceTree = BUILT_PRODUCTS_DIR; };
		295A7C16232A524200F74FE2 /* AppDelegate.swift */ = {isa = PBXFileReference; lastKnownFileType = sourcecode.swift; path = AppDelegate.swift; sourceTree = "<group>"; };
		295A7C18232A524200F74FE2 /* ViewController.swift */ = {isa = PBXFileReference; lastKnownFileType = sourcecode.swift; path = ViewController.swift; sourceTree = "<group>"; };
		295A7C1B232A524200F74FE2 /* Base */ = {isa = PBXFileReference; lastKnownFileType = file.storyboard; name = Base; path = Base.lproj/Main.storyboard; sourceTree = "<group>"; };
		295A7C1D232A524300F74FE2 /* Assets.xcassets */ = {isa = PBXFileReference; lastKnownFileType = folder.assetcatalog; path = Assets.xcassets; sourceTree = "<group>"; };
		295A7C20232A524300F74FE2 /* Base */ = {isa = PBXFileReference; lastKnownFileType = file.storyboard; name = Base; path = Base.lproj/LaunchScreen.storyboard; sourceTree = "<group>"; };
		295A7C22232A524300F74FE2 /* Info.plist */ = {isa = PBXFileReference; lastKnownFileType = text.plist.xml; path = Info.plist; sourceTree = "<group>"; };
		295A7C27232A524300F74FE2 /* IntTestiOSUpdateTests.xctest */ = {isa = PBXFileReference; explicitFileType = wrapper.cfbundle; includeInIndex = 0; path = IntTestiOSUpdateTests.xctest; sourceTree = BUILT_PRODUCTS_DIR; };
		295A7C36232A6CDF00F74FE2 /* Notes.swift */ = {isa = PBXFileReference; lastKnownFileType = sourcecode.swift; path = Notes.swift; sourceTree = "<group>"; };
		31C472A1BFB9716133A1CFEF /* Pods_IntTestiOSUpdate.framework */ = {isa = PBXFileReference; explicitFileType = wrapper.framework; includeInIndex = 0; path = Pods_IntTestiOSUpdate.framework; sourceTree = BUILT_PRODUCTS_DIR; };
		4802A103D2713A73C2D159DF /* Pods-IntTestiOSUpdateTests.debug.xcconfig */ = {isa = PBXFileReference; includeInIndex = 1; lastKnownFileType = text.xcconfig; name = "Pods-IntTestiOSUpdateTests.debug.xcconfig"; path = "Target Support Files/Pods-IntTestiOSUpdateTests/Pods-IntTestiOSUpdateTests.debug.xcconfig"; sourceTree = "<group>"; };
		5B054333C2311F0DE8F75A26 /* Pods-IntTestiOSUpdateTests.release.xcconfig */ = {isa = PBXFileReference; includeInIndex = 1; lastKnownFileType = text.xcconfig; name = "Pods-IntTestiOSUpdateTests.release.xcconfig"; path = "Target Support Files/Pods-IntTestiOSUpdateTests/Pods-IntTestiOSUpdateTests.release.xcconfig"; sourceTree = "<group>"; };
		74CE626AF9029DC779311806 /* Pods_IntTestiOSUpdateTests.framework */ = {isa = PBXFileReference; explicitFileType = wrapper.framework; includeInIndex = 0; path = Pods_IntTestiOSUpdateTests.framework; sourceTree = BUILT_PRODUCTS_DIR; };
		7ED632B7D1988403442CEC0E /* EntityInfo-IntTestiOSUpdate.generated.swift */ = {isa = PBXFileReference; includeInIndex = 1; lastKnownFileType = sourcecode.swift; path = "EntityInfo-IntTestiOSUpdate.generated.swift"; sourceTree = "<group>"; };
		8B3E3EDDC6A37356AF7A8536 /* Pods-IntTestiOSUpdate.release.xcconfig */ = {isa = PBXFileReference; includeInIndex = 1; lastKnownFileType = text.xcconfig; name = "Pods-IntTestiOSUpdate.release.xcconfig"; path = "Target Support Files/Pods-IntTestiOSUpdate/Pods-IntTestiOSUpdate.release.xcconfig"; sourceTree = "<group>"; };
		9C735689BFFA013100A32CE0 /* Pods-IntTestiOSUpdate.debug.xcconfig */ = {isa = PBXFileReference; includeInIndex = 1; lastKnownFileType = text.xcconfig; name = "Pods-IntTestiOSUpdate.debug.xcconfig"; path = "Target Support Files/Pods-IntTestiOSUpdate/Pods-IntTestiOSUpdate.debug.xcconfig"; sourceTree = "<group>"; };
/* End PBXFileReference section */

/* Begin PBXFrameworksBuildPhase section */
		295A7C10232A524200F74FE2 /* Frameworks */ = {
			isa = PBXFrameworksBuildPhase;
			buildActionMask = 2147483647;
			files = (
				9473E100214F2FFC3D69AEFF /* Pods_IntTestiOSUpdate.framework in Frameworks */,
			);
			runOnlyForDeploymentPostprocessing = 0;
		};
		295A7C24232A524300F74FE2 /* Frameworks */ = {
			isa = PBXFrameworksBuildPhase;
			buildActionMask = 2147483647;
			files = (
				A9784797BA517075C46DF45F /* Pods_IntTestiOSUpdateTests.framework in Frameworks */,
			);
			runOnlyForDeploymentPostprocessing = 0;
		};
/* End PBXFrameworksBuildPhase section */

/* Begin PBXGroup section */
		295A7C0A232A524200F74FE2 = {
			isa = PBXGroup;
			children = (
				295A7C15232A524200F74FE2 /* IntTestiOSUpdate */,
				A8D21111215DF4A12800DC61 /* generated */,
				295A7C14232A524200F74FE2 /* Products */,
				55425848A33E3A65A06E9D3A /* Pods */,
				36A346044FDD0631BE84430C /* Frameworks */,
			);
			sourceTree = "<group>";
		};
		295A7C14232A524200F74FE2 /* Products */ = {
			isa = PBXGroup;
			children = (
				295A7C13232A524200F74FE2 /* IntTestiOSUpdate.app */,
				295A7C27232A524300F74FE2 /* IntTestiOSUpdateTests.xctest */,
			);
			name = Products;
			sourceTree = "<group>";
		};
		295A7C15232A524200F74FE2 /* IntTestiOSUpdate */ = {
			isa = PBXGroup;
			children = (
				295A7C16232A524200F74FE2 /* AppDelegate.swift */,
				295A7C18232A524200F74FE2 /* ViewController.swift */,
				295A7C1A232A524200F74FE2 /* Main.storyboard */,
				295A7C1D232A524300F74FE2 /* Assets.xcassets */,
				295A7C1F232A524300F74FE2 /* LaunchScreen.storyboard */,
				295A7C22232A524300F74FE2 /* Info.plist */,
				295A7C36232A6CDF00F74FE2 /* Notes.swift */,
			);
			path = IntTestiOSUpdate;
			sourceTree = "<group>";
		};
		36A346044FDD0631BE84430C /* Frameworks */ = {
			isa = PBXGroup;
			children = (
				31C472A1BFB9716133A1CFEF /* Pods_IntTestiOSUpdate.framework */,
				74CE626AF9029DC779311806 /* Pods_IntTestiOSUpdateTests.framework */,
			);
			name = Frameworks;
			sourceTree = "<group>";
		};
		55425848A33E3A65A06E9D3A /* Pods */ = {
			isa = PBXGroup;
			children = (
				9C735689BFFA013100A32CE0 /* Pods-IntTestiOSUpdate.debug.xcconfig */,
				8B3E3EDDC6A37356AF7A8536 /* Pods-IntTestiOSUpdate.release.xcconfig */,
				4802A103D2713A73C2D159DF /* Pods-IntTestiOSUpdateTests.debug.xcconfig */,
				5B054333C2311F0DE8F75A26 /* Pods-IntTestiOSUpdateTests.release.xcconfig */,
			);
			path = Pods;
			sourceTree = "<group>";
		};
		A8D21111215DF4A12800DC61 /* generated */ = {
			isa = PBXGroup;
			children = (
				7ED632B7D1988403442CEC0E /* EntityInfo-IntTestiOSUpdate.generated.swift */,
			);
			path = generated;
			sourceTree = "<group>";
		};
/* End PBXGroup section */

/* Begin PBXNativeTarget section */
		295A7C12232A524200F74FE2 /* IntTestiOSUpdate */ = {
			isa = PBXNativeTarget;
			buildConfigurationList = 295A7C30232A524300F74FE2 /* Build configuration list for PBXNativeTarget "IntTestiOSUpdate" */;
			buildPhases = (
				DBDEEDD4B3F8CA95176F3123 /* [CP] Check Pods Manifest.lock */,
				9C8DDEE5304A6E5920EF6E95 /* [OBX] Update Sourcery Generated Files */,
				295A7C0F232A524200F74FE2 /* Sources */,
				295A7C10232A524200F74FE2 /* Frameworks */,
				295A7C11232A524200F74FE2 /* Resources */,
				D01539EF9C81A453B451C6B2 /* [CP] Embed Pods Frameworks */,
			);
			buildRules = (
			);
			dependencies = (
			);
			name = IntTestiOSUpdate;
			productName = IntTestiOSUpdate;
			productReference = 295A7C13232A524200F74FE2 /* IntTestiOSUpdate.app */;
			productType = "com.apple.product-type.application";
		};
		295A7C26232A524300F74FE2 /* IntTestiOSUpdateTests */ = {
			isa = PBXNativeTarget;
			buildConfigurationList = 295A7C33232A524300F74FE2 /* Build configuration list for PBXNativeTarget "IntTestiOSUpdateTests" */;
			buildPhases = (
				629F673102548C71373765B2 /* [CP] Check Pods Manifest.lock */,
				295A7C23232A524300F74FE2 /* Sources */,
				295A7C24232A524300F74FE2 /* Frameworks */,
				295A7C25232A524300F74FE2 /* Resources */,
			);
			buildRules = (
			);
			dependencies = (
				295A7C29232A524300F74FE2 /* PBXTargetDependency */,
			);
			name = IntTestiOSUpdateTests;
			productName = IntTestiOSUpdateTests;
			productReference = 295A7C27232A524300F74FE2 /* IntTestiOSUpdateTests.xctest */;
			productType = "com.apple.product-type.bundle.unit-test";
		};
/* End PBXNativeTarget section */

/* Begin PBXProject section */
		295A7C0B232A524200F74FE2 /* Project object */ = {
			isa = PBXProject;
			attributes = {
				LastSwiftUpdateCheck = 1030;
				LastUpgradeCheck = 1030;
				ORGANIZATIONNAME = objectbox;
				TargetAttributes = {
					295A7C12232A524200F74FE2 = {
						CreatedOnToolsVersion = 10.3;
					};
					295A7C26232A524300F74FE2 = {
						CreatedOnToolsVersion = 10.3;
						TestTargetID = 295A7C12232A524200F74FE2;
					};
				};
			};
			buildConfigurationList = 295A7C0E232A524200F74FE2 /* Build configuration list for PBXProject "IntTestiOSUpdate" */;
			developmentRegion = en;
			hasScannedForEncodings = 0;
			knownRegions = (
				en,
				Base,
			);
			mainGroup = 295A7C0A232A524200F74FE2;
			minimizedProjectReferenceProxies = 1;
			preferredProjectObjectVersion = 77;
			productRefGroup = 295A7C14232A524200F74FE2 /* Products */;
			projectDirPath = "";
			projectRoot = "";
			targets = (
				295A7C12232A524200F74FE2 /* IntTestiOSUpdate */,
				295A7C26232A524300F74FE2 /* IntTestiOSUpdateTests */,
			);
		};
/* End PBXProject section */

/* Begin PBXResourcesBuildPhase section */
		295A7C11232A524200F74FE2 /* Resources */ = {
			isa = PBXResourcesBuildPhase;
			buildActionMask = 2147483647;
			files = (
				295A7C21232A524300F74FE2 /* LaunchScreen.storyboard in Resources */,
				295A7C1E232A524300F74FE2 /* Assets.xcassets in Resources */,
				295A7C1C232A524200F74FE2 /* Main.storyboard in Resources */,
			);
			runOnlyForDeploymentPostprocessing = 0;
		};
		295A7C25232A524300F74FE2 /* Resources */ = {
			isa = PBXResourcesBuildPhase;
			buildActionMask = 2147483647;
			files = (
			);
			runOnlyForDeploymentPostprocessing = 0;
		};
/* End PBXResourcesBuildPhase section */

/* Begin PBXShellScriptBuildPhase section */
		629F673102548C71373765B2 /* [CP] Check Pods Manifest.lock */ = {
			isa = PBXShellScriptBuildPhase;
			buildActionMask = 2147483647;
			files = (
			);
			inputFileListPaths = (
			);
			inputPaths = (
				"${PODS_PODFILE_DIR_PATH}/Podfile.lock",
				"${PODS_ROOT}/Manifest.lock",
			);
			name = "[CP] Check Pods Manifest.lock";
			outputFileListPaths = (
			);
			outputPaths = (
				"$(DERIVED_FILE_DIR)/Pods-IntTestiOSUpdateTests-checkManifestLockResult.txt",
			);
			runOnlyForDeploymentPostprocessing = 0;
			shellPath = /bin/sh;
			shellScript = "diff \"${PODS_PODFILE_DIR_PATH}/Podfile.lock\" \"${PODS_ROOT}/Manifest.lock\" > /dev/null\nif [ $? != 0 ] ; then\n    # print error to STDERR\n    echo \"error: The sandbox is not in sync with the Podfile.lock. Run 'pod install' or update your CocoaPods installation.\" >&2\n    exit 1\nfi\n# This output is used by Xcode 'outputs' to avoid re-running this script phase.\necho \"SUCCESS\" > \"${SCRIPT_OUTPUT_FILE_0}\"\n";
			showEnvVarsInLog = 0;
		};
		9C8DDEE5304A6E5920EF6E95 /* [OBX] Update Sourcery Generated Files */ = {
			isa = PBXShellScriptBuildPhase;
			buildActionMask = 2147483647;
			files = (
			);
			inputFileListPaths = (
			);
			inputPaths = (
			);
			name = "[OBX] Update Sourcery Generated Files";
			outputFileListPaths = (
			);
			outputPaths = (
			);
			runOnlyForDeploymentPostprocessing = 0;
			shellPath = /bin/sh;
			shellScript = "\"$PODS_ROOT/ObjectBox/generate_sources.sh\" -- --output \"$PROJECT_DIR/generated/EntityInfo-IntTestiOSUpdate.generated.swift\" --model-json \"$PROJECT_DIR/model-IntTestiOSUpdate.json\"";
		};
		D01539EF9C81A453B451C6B2 /* [CP] Embed Pods Frameworks */ = {
			isa = PBXShellScriptBuildPhase;
			buildActionMask = 2147483647;
			files = (
			);
			inputFileListPaths = (
			);
			inputPaths = (
				"${PODS_ROOT}/Target Support Files/Pods-IntTestiOSUpdate/Pods-IntTestiOSUpdate-frameworks.sh",
				"${PODS_ROOT}/ObjectBox/Carthage/Build/iOS/ObjectBox.framework",
			);
			name = "[CP] Embed Pods Frameworks";
			outputFileListPaths = (
			);
			outputPaths = (
				"${TARGET_BUILD_DIR}/${FRAMEWORKS_FOLDER_PATH}/ObjectBox.framework",
			);
			runOnlyForDeploymentPostprocessing = 0;
			shellPath = /bin/sh;
			shellScript = "\"${PODS_ROOT}/Target Support Files/Pods-IntTestiOSUpdate/Pods-IntTestiOSUpdate-frameworks.sh\"\n";
			showEnvVarsInLog = 0;
		};
		DBDEEDD4B3F8CA95176F3123 /* [CP] Check Pods Manifest.lock */ = {
			isa = PBXShellScriptBuildPhase;
			buildActionMask = 2147483647;
			files = (
			);
			inputFileListPaths = (
			);
			inputPaths = (
				"${PODS_PODFILE_DIR_PATH}/Podfile.lock",
				"${PODS_ROOT}/Manifest.lock",
			);
			name = "[CP] Check Pods Manifest.lock";
			outputFileListPaths = (
			);
			outputPaths = (
				"$(DERIVED_FILE_DIR)/Pods-IntTestiOSUpdate-checkManifestLockResult.txt",
			);
			runOnlyForDeploymentPostprocessing = 0;
			shellPath = /bin/sh;
			shellScript = "diff \"${PODS_PODFILE_DIR_PATH}/Podfile.lock\" \"${PODS_ROOT}/Manifest.lock\" > /dev/null\nif [ $? != 0 ] ; then\n    # print error to STDERR\n    echo \"error: The sandbox is not in sync with the Podfile.lock. Run 'pod install' or update your CocoaPods installation.\" >&2\n    exit 1\nfi\n# This output is used by Xcode 'outputs' to avoid re-running this script phase.\necho \"SUCCESS\" > \"${SCRIPT_OUTPUT_FILE_0}\"\n";
			showEnvVarsInLog = 0;
		};
/* End PBXShellScriptBuildPhase section */

/* Begin PBXSourcesBuildPhase section */
		295A7C0F232A524200F74FE2 /* Sources */ = {
			isa = PBXSourcesBuildPhase;
			buildActionMask = 2147483647;
			files = (
				295A7C19232A524200F74FE2 /* ViewController.swift in Sources */,
				295A7C17232A524200F74FE2 /* AppDelegate.swift in Sources */,
				295A7C37232A6CDF00F74FE2 /* Notes.swift in Sources */,
				710F28874BA54FB9C341D497 /* EntityInfo-IntTestiOSUpdate.generated.swift in Sources */,
			);
			runOnlyForDeploymentPostprocessing = 0;
		};
		295A7C23232A524300F74FE2 /* Sources */ = {
			isa = PBXSourcesBuildPhase;
			buildActionMask = 2147483647;
			files = (
			);
			runOnlyForDeploymentPostprocessing = 0;
		};
/* End PBXSourcesBuildPhase section */

/* Begin PBXTargetDependency section */
		295A7C29232A524300F74FE2 /* PBXTargetDependency */ = {
			isa = PBXTargetDependency;
			target = 295A7C12232A524200F74FE2 /* IntTestiOSUpdate */;
			targetProxy = 295A7C28232A524300F74FE2 /* PBXContainerItemProxy */;
		};
/* End PBXTargetDependency section */

/* Begin PBXVariantGroup section */
		295A7C1A232A524200F74FE2 /* Main.storyboard */ = {
			isa = PBXVariantGroup;
			children = (
				295A7C1B232A524200F74FE2 /* Base */,
			);
			name = Main.storyboard;
			sourceTree = "<group>";
		};
		295A7C1F232A524300F74FE2 /* LaunchScreen.storyboard */ = {
			isa = PBXVariantGroup;
			children = (
				295A7C20232A524300F74FE2 /* Base */,
			);
			name = LaunchScreen.storyboard;
			sourceTree = "<group>";
		};
/* End PBXVariantGroup section */

/* Begin XCBuildConfiguration section */
		295A7C2E232A524300F74FE2 /* Debug */ = {
			isa = XCBuildConfiguration;
			buildSettings = {
				ALWAYS_SEARCH_USER_PATHS = NO;
				CLANG_ANALYZER_NONNULL = YES;
				CLANG_ANALYZER_NUMBER_OBJECT_CONVERSION = YES_AGGRESSIVE;
				CLANG_CXX_LANGUAGE_STANDARD = "gnu++14";
				CLANG_CXX_LIBRARY = "libc++";
				CLANG_ENABLE_MODULES = YES;
				CLANG_ENABLE_OBJC_ARC = YES;
				CLANG_ENABLE_OBJC_WEAK = YES;
				CLANG_WARN_BLOCK_CAPTURE_AUTORELEASING = YES;
				CLANG_WARN_BOOL_CONVERSION = YES;
				CLANG_WARN_COMMA = YES;
				CLANG_WARN_CONSTANT_CONVERSION = YES;
				CLANG_WARN_DEPRECATED_OBJC_IMPLEMENTATIONS = YES;
				CLANG_WARN_DIRECT_OBJC_ISA_USAGE = YES_ERROR;
				CLANG_WARN_DOCUMENTATION_COMMENTS = YES;
				CLANG_WARN_EMPTY_BODY = YES;
				CLANG_WARN_ENUM_CONVERSION = YES;
				CLANG_WARN_INFINITE_RECURSION = YES;
				CLANG_WARN_INT_CONVERSION = YES;
				CLANG_WARN_NON_LITERAL_NULL_CONVERSION = YES;
				CLANG_WARN_OBJC_IMPLICIT_RETAIN_SELF = YES;
				CLANG_WARN_OBJC_LITERAL_CONVERSION = YES;
				CLANG_WARN_OBJC_ROOT_CLASS = YES_ERROR;
				CLANG_WARN_RANGE_LOOP_ANALYSIS = YES;
				CLANG_WARN_STRICT_PROTOTYPES = YES;
				CLANG_WARN_SUSPICIOUS_MOVE = YES;
				CLANG_WARN_UNGUARDED_AVAILABILITY = YES_AGGRESSIVE;
				CLANG_WARN_UNREACHABLE_CODE = YES;
				CLANG_WARN__DUPLICATE_METHOD_MATCH = YES;
				CODE_SIGN_IDENTITY = "iPhone Developer";
				COPY_PHASE_STRIP = NO;
				DEBUG_INFORMATION_FORMAT = dwarf;
				ENABLE_STRICT_OBJC_MSGSEND = YES;
				ENABLE_TESTABILITY = YES;
				GCC_C_LANGUAGE_STANDARD = gnu11;
				GCC_DYNAMIC_NO_PIC = NO;
				GCC_NO_COMMON_BLOCKS = YES;
				GCC_OPTIMIZATION_LEVEL = 0;
				GCC_PREPROCESSOR_DEFINITIONS = (
					"DEBUG=1",
					"$(inherited)",
				);
				GCC_WARN_64_TO_32_BIT_CONVERSION = YES;
				GCC_WARN_ABOUT_RETURN_TYPE = YES_ERROR;
				GCC_WARN_UNDECLARED_SELECTOR = YES;
				GCC_WARN_UNINITIALIZED_AUTOS = YES_AGGRESSIVE;
				GCC_WARN_UNUSED_FUNCTION = YES;
				GCC_WARN_UNUSED_VARIABLE = YES;
				IPHONEOS_DEPLOYMENT_TARGET = 12.4;
				MTL_ENABLE_DEBUG_INFO = INCLUDE_SOURCE;
				MTL_FAST_MATH = YES;
				ONLY_ACTIVE_ARCH = YES;
				SDKROOT = iphoneos;
				SWIFT_ACTIVE_COMPILATION_CONDITIONS = DEBUG;
				SWIFT_OPTIMIZATION_LEVEL = "-Onone";
			};
			name = Debug;
		};
		295A7C2F232A524300F74FE2 /* Release */ = {
			isa = XCBuildConfiguration;
			buildSettings = {
				ALWAYS_SEARCH_USER_PATHS = NO;
				CLANG_ANALYZER_NONNULL = YES;
				CLANG_ANALYZER_NUMBER_OBJECT_CONVERSION = YES_AGGRESSIVE;
				CLANG_CXX_LANGUAGE_STANDARD = "gnu++14";
				CLANG_CXX_LIBRARY = "libc++";
				CLANG_ENABLE_MODULES = YES;
				CLANG_ENABLE_OBJC_ARC = YES;
				CLANG_ENABLE_OBJC_WEAK = YES;
				CLANG_WARN_BLOCK_CAPTURE_AUTORELEASING = YES;
				CLANG_WARN_BOOL_CONVERSION = YES;
				CLANG_WARN_COMMA = YES;
				CLANG_WARN_CONSTANT_CONVERSION = YES;
				CLANG_WARN_DEPRECATED_OBJC_IMPLEMENTATIONS = YES;
				CLANG_WARN_DIRECT_OBJC_ISA_USAGE = YES_ERROR;
				CLANG_WARN_DOCUMENTATION_COMMENTS = YES;
				CLANG_WARN_EMPTY_BODY = YES;
				CLANG_WARN_ENUM_CONVERSION = YES;
				CLANG_WARN_INFINITE_RECURSION = YES;
				CLANG_WARN_INT_CONVERSION = YES;
				CLANG_WARN_NON_LITERAL_NULL_CONVERSION = YES;
				CLANG_WARN_OBJC_IMPLICIT_RETAIN_SELF = YES;
				CLANG_WARN_OBJC_LITERAL_CONVERSION = YES;
				CLANG_WARN_OBJC_ROOT_CLASS = YES_ERROR;
				CLANG_WARN_RANGE_LOOP_ANALYSIS = YES;
				CLANG_WARN_STRICT_PROTOTYPES = YES;
				CLANG_WARN_SUSPICIOUS_MOVE = YES;
				CLANG_WARN_UNGUARDED_AVAILABILITY = YES_AGGRESSIVE;
				CLANG_WARN_UNREACHABLE_CODE = YES;
				CLANG_WARN__DUPLICATE_METHOD_MATCH = YES;
				CODE_SIGN_IDENTITY = "iPhone Developer";
				COPY_PHASE_STRIP = NO;
				DEBUG_INFORMATION_FORMAT = "dwarf-with-dsym";
				ENABLE_NS_ASSERTIONS = NO;
				ENABLE_STRICT_OBJC_MSGSEND = YES;
				GCC_C_LANGUAGE_STANDARD = gnu11;
				GCC_NO_COMMON_BLOCKS = YES;
				GCC_WARN_64_TO_32_BIT_CONVERSION = YES;
				GCC_WARN_ABOUT_RETURN_TYPE = YES_ERROR;
				GCC_WARN_UNDECLARED_SELECTOR = YES;
				GCC_WARN_UNINITIALIZED_AUTOS = YES_AGGRESSIVE;
				GCC_WARN_UNUSED_FUNCTION = YES;
				GCC_WARN_UNUSED_VARIABLE = YES;
				IPHONEOS_DEPLOYMENT_TARGET = 12.4;
				MTL_ENABLE_DEBUG_INFO = NO;
				MTL_FAST_MATH = YES;
				SDKROOT = iphoneos;
				SWIFT_COMPILATION_MODE = wholemodule;
				SWIFT_OPTIMIZATION_LEVEL = "-O";
				VALIDATE_PRODUCT = YES;
			};
			name = Release;
		};
		295A7C31232A524300F74FE2 /* Debug */ = {
			isa = XCBuildConfiguration;
			baseConfigurationReference = 9C735689BFFA013100A32CE0 /* Pods-IntTestiOSUpdate.debug.xcconfig */;
			buildSettings = {
				ASSETCATALOG_COMPILER_APPICON_NAME = AppIcon;
				CODE_SIGN_STYLE = Automatic;
				INFOPLIST_FILE = IntTestiOSUpdate/Info.plist;
				LD_RUNPATH_SEARCH_PATHS = (
					"$(inherited)",
					"@executable_path/Frameworks",
				);
				PRODUCT_BUNDLE_IDENTIFIER = io.objectbox.test.IntTestiOSUpdate;
				PRODUCT_NAME = "$(TARGET_NAME)";
				SWIFT_VERSION = 5.0;
				TARGETED_DEVICE_FAMILY = "1,2";
			};
			name = Debug;
		};
		295A7C32232A524300F74FE2 /* Release */ = {
			isa = XCBuildConfiguration;
			baseConfigurationReference = 8B3E3EDDC6A37356AF7A8536 /* Pods-IntTestiOSUpdate.release.xcconfig */;
			buildSettings = {
				ASSETCATALOG_COMPILER_APPICON_NAME = AppIcon;
				CODE_SIGN_STYLE = Automatic;
				INFOPLIST_FILE = IntTestiOSUpdate/Info.plist;
				LD_RUNPATH_SEARCH_PATHS = (
					"$(inherited)",
					"@executable_path/Frameworks",
				);
				PRODUCT_BUNDLE_IDENTIFIER = io.objectbox.test.IntTestiOSUpdate;
				PRODUCT_NAME = "$(TARGET_NAME)";
				SWIFT_VERSION = 5.0;
				TARGETED_DEVICE_FAMILY = "1,2";
			};
			name = Release;
		};
		295A7C34232A524300F74FE2 /* Debug */ = {
			isa = XCBuildConfiguration;
			baseConfigurationReference = 4802A103D2713A73C2D159DF /* Pods-IntTestiOSUpdateTests.debug.xcconfig */;
			buildSettings = {
				ALWAYS_EMBED_SWIFT_STANDARD_LIBRARIES = YES;
				BUNDLE_LOADER = "$(TEST_HOST)";
				CODE_SIGN_STYLE = Automatic;
				INFOPLIST_FILE = IntTestiOSUpdateTests/Info.plist;
				LD_RUNPATH_SEARCH_PATHS = (
					"$(inherited)",
					"@executable_path/Frameworks",
					"@loader_path/Frameworks",
				);
				PRODUCT_BUNDLE_IDENTIFIER = io.objectbox.test.IntTestiOSUpdateTests;
				PRODUCT_NAME = "$(TARGET_NAME)";
				SWIFT_VERSION = 5.0;
				TARGETED_DEVICE_FAMILY = "1,2";
				TEST_HOST = "$(BUILT_PRODUCTS_DIR)/IntTestiOSUpdate.app/IntTestiOSUpdate";
			};
			name = Debug;
		};
		295A7C35232A524300F74FE2 /* Release */ = {
			isa = XCBuildConfiguration;
			baseConfigurationReference = 5B054333C2311F0DE8F75A26 /* Pods-IntTestiOSUpdateTests.release.xcconfig */;
			buildSettings = {
				ALWAYS_EMBED_SWIFT_STANDARD_LIBRARIES = YES;
				BUNDLE_LOADER = "$(TEST_HOST)";
				CODE_SIGN_STYLE = Automatic;
				INFOPLIST_FILE = IntTestiOSUpdateTests/Info.plist;
				LD_RUNPATH_SEARCH_PATHS = (
					"$(inherited)",
					"@executable_path/Frameworks",
					"@loader_path/Frameworks",
				);
				PRODUCT_BUNDLE_IDENTIFIER = io.objectbox.test.IntTestiOSUpdateTests;
				PRODUCT_NAME = "$(TARGET_NAME)";
				SWIFT_VERSION = 5.0;
				TARGETED_DEVICE_FAMILY = "1,2";
				TEST_HOST = "$(BUILT_PRODUCTS_DIR)/IntTestiOSUpdate.app/IntTestiOSUpdate";
			};
			name = Release;
		};
/* End XCBuildConfiguration section */

/* Begin XCConfigurationList section */
		295A7C0E232A524200F74FE2 /* Build configuration list for PBXProject "IntTestiOSUpdate" */ = {
			isa = XCConfigurationList;
			buildConfigurations = (
				295A7C2E232A524300F74FE2 /* Debug */,
				295A7C2F232A524300F74FE2 /* Release */,
			);
			defaultConfigurationIsVisible = 0;
			defaultConfigurationName = Release;
		};
		295A7C30232A524300F74FE2 /* Build configuration list for PBXNativeTarget "IntTestiOSUpdate" */ = {
			isa = XCConfigurationList;
			buildConfigurations = (
				295A7C31232A524300F74FE2 /* Debug */,
				295A7C32232A524300F74FE2 /* Release */,
			);
			defaultConfigurationIsVisible = 0;
			defaultConfigurationName = Release;
		};
		295A7C33232A524300F74FE2 /* Build configuration list for PBXNativeTarget "IntTestiOSUpdateTests" */ = {
			isa = XCConfigurationList;
			buildConfigurations = (
				295A7C34232A524300F74FE2 /* Debug */,
				295A7C35232A524300F74FE2 /* Release */,
			);
			defaultConfigurationIsVisible = 0;
			defaultConfigurationName = Release;
		};
/* End XCConfigurationList section */
	};
	rootObject = 295A7C0B232A524200F74FE2 /* Project object */;
}
