// !$*UTF8*$!
{
	archiveVersion = 1;
	classes = {
	};
	objectVersion = 77;
	objects = {

/* Begin PBXContainerItemProxy section */
		151C92B72DA3C9DE00BA852B /* PBXContainerItemProxy */ = {
			isa = PBXContainerItemProxy;
			containerPortal = 151C929E2DA3C9DD00BA852B /* Project object */;
			proxyType = 1;
			remoteGlobalIDString = 151C92A52DA3C9DD00BA852B;
			remoteInfo = IntTestiOSXcode16Empty;
		};
		151C92C12DA3C9DE00BA852B /* PBXContainerItemProxy */ = {
			isa = PBXContainerItemProxy;
			containerPortal = 151C929E2DA3C9DD00BA852B /* Project object */;
			proxyType = 1;
			remoteGlobalIDString = 151C92A52DA3C9DD00BA852B;
			remoteInfo = IntTestiOSXcode16Empty;
		};
/* End PBXContainerItemProxy section */

/* Begin PBXFileReference section */
		151C92A62DA3C9DD00BA852B /* IntTestiOSXcode16Empty.app */ = {isa = PBXFileReference; explicitFileType = wrapper.application; includeInIndex = 0; path = IntTestiOSXcode16Empty.app; sourceTree = BUILT_PRODUCTS_DIR; };
		151C92B62DA3C9DE00BA852B /* IntTestiOSXcode16EmptyTests.xctest */ = {isa = PBXFileReference; explicitFileType = wrapper.cfbundle; includeInIndex = 0; path = IntTestiOSXcode16EmptyTests.xctest; sourceTree = BUILT_PRODUCTS_DIR; };
		151C92C02DA3C9DE00BA852B /* IntTestiOSXcode16EmptyUITests.xctest */ = {isa = PBXFileReference; explicitFileType = wrapper.cfbundle; includeInIndex = 0; path = IntTestiOSXcode16EmptyUITests.xctest; sourceTree = BUILT_PRODUCTS_DIR; };
/* End PBXFileReference section */

/* Begin PBXFileSystemSynchronizedRootGroup section */
		151C92A82DA3C9DD00BA852B /* IntTestiOSXcode16Empty */ = {
			isa = PBXFileSystemSynchronizedRootGroup;
			path = IntTestiOSXcode16Empty;
			sourceTree = "<group>";
		};
		151C92B92DA3C9DE00BA852B /* IntTestiOSXcode16EmptyTests */ = {
			isa = PBXFileSystemSynchronizedRootGroup;
			path = IntTestiOSXcode16EmptyTests;
			sourceTree = "<group>";
		};
		151C92C32DA3C9DE00BA852B /* IntTestiOSXcode16EmptyUITests */ = {
			isa = PBXFileSystemSynchronizedRootGroup;
			path = IntTestiOSXcode16EmptyUITests;
			sourceTree = "<group>";
		};
/* End PBXFileSystemSynchronizedRootGroup section */

/* Begin PBXFrameworksBuildPhase section */
		151C92A32DA3C9DD00BA852B /* Frameworks */ = {
			isa = PBXFrameworksBuildPhase;
			buildActionMask = 2147483647;
			files = (
			);
			runOnlyForDeploymentPostprocessing = 0;
		};
		151C92B32DA3C9DE00BA852B /* Frameworks */ = {
			isa = PBXFrameworksBuildPhase;
			buildActionMask = 2147483647;
			files = (
			);
			runOnlyForDeploymentPostprocessing = 0;
		};
		151C92BD2DA3C9DE00BA852B /* Frameworks */ = {
			isa = PBXFrameworksBuildPhase;
			buildActionMask = 2147483647;
			files = (
			);
			runOnlyForDeploymentPostprocessing = 0;
		};
/* End PBXFrameworksBuildPhase section */

/* Begin PBXGroup section */
		151C929D2DA3C9DD00BA852B = {
			isa = PBXGroup;
			children = (
				151C92A82DA3C9DD00BA852B /* IntTestiOSXcode16Empty */,
				151C92B92DA3C9DE00BA852B /* IntTestiOSXcode16EmptyTests */,
				151C92C32DA3C9DE00BA852B /* IntTestiOSXcode16EmptyUITests */,
				151C92A72DA3C9DD00BA852B /* Products */,
			);
			sourceTree = "<group>";
		};
		151C92A72DA3C9DD00BA852B /* Products */ = {
			isa = PBXGroup;
			children = (
				151C92A62DA3C9DD00BA852B /* IntTestiOSXcode16Empty.app */,
				151C92B62DA3C9DE00BA852B /* IntTestiOSXcode16EmptyTests.xctest */,
				151C92C02DA3C9DE00BA852B /* IntTestiOSXcode16EmptyUITests.xctest */,
			);
			name = Products;
			sourceTree = "<group>";
		};
/* End PBXGroup section */

/* Begin PBXNativeTarget section */
		151C92A52DA3C9DD00BA852B /* IntTestiOSXcode16Empty */ = {
			isa = PBXNativeTarget;
			buildConfigurationList = 151C92CA2DA3C9DE00BA852B /* Build configuration list for PBXNativeTarget "IntTestiOSXcode16Empty" */;
			buildPhases = (
				151C92A22DA3C9DD00BA852B /* Sources */,
				151C92A32DA3C9DD00BA852B /* Frameworks */,
				151C92A42DA3C9DD00BA852B /* Resources */,
			);
			buildRules = (
			);
			dependencies = (
			);
			fileSystemSynchronizedGroups = (
				151C92A82DA3C9DD00BA852B /* IntTestiOSXcode16Empty */,
			);
			name = IntTestiOSXcode16Empty;
			packageProductDependencies = (
			);
			productName = IntTestiOSXcode16Empty;
			productReference = 151C92A62DA3C9DD00BA852B /* IntTestiOSXcode16Empty.app */;
			productType = "com.apple.product-type.application";
		};
		151C92B52DA3C9DE00BA852B /* IntTestiOSXcode16EmptyTests */ = {
			isa = PBXNativeTarget;
			buildConfigurationList = 151C92CD2DA3C9DE00BA852B /* Build configuration list for PBXNativeTarget "IntTestiOSXcode16EmptyTests" */;
			buildPhases = (
				151C92B22DA3C9DE00BA852B /* Sources */,
				151C92B32DA3C9DE00BA852B /* Frameworks */,
				151C92B42DA3C9DE00BA852B /* Resources */,
			);
			buildRules = (
			);
			dependencies = (
				151C92B82DA3C9DE00BA852B /* PBXTargetDependency */,
			);
			fileSystemSynchronizedGroups = (
				151C92B92DA3C9DE00BA852B /* IntTestiOSXcode16EmptyTests */,
			);
			name = IntTestiOSXcode16EmptyTests;
			packageProductDependencies = (
			);
			productName = IntTestiOSXcode16EmptyTests;
			productReference = 151C92B62DA3C9DE00BA852B /* IntTestiOSXcode16EmptyTests.xctest */;
			productType = "com.apple.product-type.bundle.unit-test";
		};
		151C92BF2DA3C9DE00BA852B /* IntTestiOSXcode16EmptyUITests */ = {
			isa = PBXNativeTarget;
			buildConfigurationList = 151C92D02DA3C9DE00BA852B /* Build configuration list for PBXNativeTarget "IntTestiOSXcode16EmptyUITests" */;
			buildPhases = (
				151C92BC2DA3C9DE00BA852B /* Sources */,
				151C92BD2DA3C9DE00BA852B /* Frameworks */,
				151C92BE2DA3C9DE00BA852B /* Resources */,
			);
			buildRules = (
			);
			dependencies = (
				151C92C22DA3C9DE00BA852B /* PBXTargetDependency */,
			);
			fileSystemSynchronizedGroups = (
				151C92C32DA3C9DE00BA852B /* IntTestiOSXcode16EmptyUITests */,
			);
			name = IntTestiOSXcode16EmptyUITests;
			packageProductDependencies = (
			);
			productName = IntTestiOSXcode16EmptyUITests;
			productReference = 151C92C02DA3C9DE00BA852B /* IntTestiOSXcode16EmptyUITests.xctest */;
			productType = "com.apple.product-type.bundle.ui-testing";
		};
/* End PBXNativeTarget section */

/* Begin PBXProject section */
		151C929E2DA3C9DD00BA852B /* Project object */ = {
			isa = PBXProject;
			attributes = {
				BuildIndependentTargetsInParallel = 1;
				LastSwiftUpdateCheck = 1620;
				LastUpgradeCheck = 1620;
				TargetAttributes = {
					151C92A52DA3C9DD00BA852B = {
						CreatedOnToolsVersion = 16.2;
					};
					151C92B52DA3C9DE00BA852B = {
						CreatedOnToolsVersion = 16.2;
						TestTargetID = 151C92A52DA3C9DD00BA852B;
					};
					151C92BF2DA3C9DE00BA852B = {
						CreatedOnToolsVersion = 16.2;
						TestTargetID = 151C92A52DA3C9DD00BA852B;
					};
				};
			};
			buildConfigurationList = 151C92A12DA3C9DD00BA852B /* Build configuration list for PBXProject "IntTestiOSXcode16Empty" */;
			developmentRegion = en;
			hasScannedForEncodings = 0;
			knownRegions = (
				en,
				Base,
			);
			mainGroup = 151C929D2DA3C9DD00BA852B;
			minimizedProjectReferenceProxies = 1;
			preferredProjectObjectVersion = 77;
			productRefGroup = 151C92A72DA3C9DD00BA852B /* Products */;
			projectDirPath = "";
			projectRoot = "";
			targets = (
				151C92A52DA3C9DD00BA852B /* IntTestiOSXcode16Empty */,
				151C92B52DA3C9DE00BA852B /* IntTestiOSXcode16EmptyTests */,
				151C92BF2DA3C9DE00BA852B /* IntTestiOSXcode16EmptyUITests */,
			);
		};
/* End PBXProject section */

/* Begin PBXResourcesBuildPhase section */
		151C92A42DA3C9DD00BA852B /* Resources */ = {
			isa = PBXResourcesBuildPhase;
			buildActionMask = 2147483647;
			files = (
			);
			runOnlyForDeploymentPostprocessing = 0;
		};
		151C92B42DA3C9DE00BA852B /* Resources */ = {
			isa = PBXResourcesBuildPhase;
			buildActionMask = 2147483647;
			files = (
			);
			runOnlyForDeploymentPostprocessing = 0;
		};
		151C92BE2DA3C9DE00BA852B /* Resources */ = {
			isa = PBXResourcesBuildPhase;
			buildActionMask = 2147483647;
			files = (
			);
			runOnlyForDeploymentPostprocessing = 0;
		};
/* End PBXResourcesBuildPhase section */

/* Begin PBXSourcesBuildPhase section */
		151C92A22DA3C9DD00BA852B /* Sources */ = {
			isa = PBXSourcesBuildPhase;
			buildActionMask = 2147483647;
			files = (
			);
			runOnlyForDeploymentPostprocessing = 0;
		};
		151C92B22DA3C9DE00BA852B /* Sources */ = {
			isa = PBXSourcesBuildPhase;
			buildActionMask = 2147483647;
			files = (
			);
			runOnlyForDeploymentPostprocessing = 0;
		};
		151C92BC2DA3C9DE00BA852B /* Sources */ = {
			isa = PBXSourcesBuildPhase;
			buildActionMask = 2147483647;
			files = (
			);
			runOnlyForDeploymentPostprocessing = 0;
		};
/* End PBXSourcesBuildPhase section */

/* Begin PBXTargetDependency section */
		151C92B82DA3C9DE00BA852B /* PBXTargetDependency */ = {
			isa = PBXTargetDependency;
			target = 151C92A52DA3C9DD00BA852B /* IntTestiOSXcode16Empty */;
			targetProxy = 151C92B72DA3C9DE00BA852B /* PBXContainerItemProxy */;
		};
		151C92C22DA3C9DE00BA852B /* PBXTargetDependency */ = {
			isa = PBXTargetDependency;
			target = 151C92A52DA3C9DD00BA852B /* IntTestiOSXcode16Empty */;
			targetProxy = 151C92C12DA3C9DE00BA852B /* PBXContainerItemProxy */;
		};
/* End PBXTargetDependency section */

/* Begin XCBuildConfiguration section */
		151C92C82DA3C9DE00BA852B /* Debug */ = {
			isa = XCBuildConfiguration;
			buildSettings = {
				ALWAYS_SEARCH_USER_PATHS = NO;
				ASSETCATALOG_COMPILER_GENERATE_SWIFT_ASSET_SYMBOL_EXTENSIONS = YES;
				CLANG_ANALYZER_NONNULL = YES;
				CLANG_ANALYZER_NUMBER_OBJECT_CONVERSION = YES_AGGRESSIVE;
				CLANG_CXX_LANGUAGE_STANDARD = "gnu++20";
				CLANG_ENABLE_MODULES = YES;
				CLANG_ENABLE_OBJC_ARC = YES;
				CLANG_ENABLE_OBJC_WEAK = YES;
				CLANG_WARN_BLOCK_CAPTURE_AUTORELEASING = YES;
				CLANG_WARN_BOOL_CONVERSION = YES;
				CLANG_WARN_COMMA = YES;
				CLANG_WARN_CONSTANT_CONVERSION = YES;
				CLANG_WARN_DEPRECATED_OBJC_IMPLEMENTATIONS = YES;
				CLANG_WARN_DIRECT_OBJC_ISA_USAGE = YES_ERROR;
				CLANG_WARN_DOCUMENTATION_COMMENTS = YES;
				CLANG_WARN_EMPTY_BODY = YES;
				CLANG_WARN_ENUM_CONVERSION = YES;
				CLANG_WARN_INFINITE_RECURSION = YES;
				CLANG_WARN_INT_CONVERSION = YES;
				CLANG_WARN_NON_LITERAL_NULL_CONVERSION = YES;
				CLANG_WARN_OBJC_IMPLICIT_RETAIN_SELF = YES;
				CLANG_WARN_OBJC_LITERAL_CONVERSION = YES;
				CLANG_WARN_OBJC_ROOT_CLASS = YES_ERROR;
				CLANG_WARN_QUOTED_INCLUDE_IN_FRAMEWORK_HEADER = YES;
				CLANG_WARN_RANGE_LOOP_ANALYSIS = YES;
				CLANG_WARN_STRICT_PROTOTYPES = YES;
				CLANG_WARN_SUSPICIOUS_MOVE = YES;
				CLANG_WARN_UNGUARDED_AVAILABILITY = YES_AGGRESSIVE;
				CLANG_WARN_UNREACHABLE_CODE = YES;
				CLANG_WARN__DUPLICATE_METHOD_MATCH = YES;
				COPY_PHASE_STRIP = NO;
				DEBUG_INFORMATION_FORMAT = dwarf;
				ENABLE_STRICT_OBJC_MSGSEND = YES;
				ENABLE_TESTABILITY = YES;
				ENABLE_USER_SCRIPT_SANDBOXING = NO;
				GCC_C_LANGUAGE_STANDARD = gnu17;
				GCC_DYNAMIC_NO_PIC = NO;
				GCC_NO_COMMON_BLOCKS = YES;
				GCC_OPTIMIZATION_LEVEL = 0;
				GCC_PREPROCESSOR_DEFINITIONS = (
					"DEBUG=1",
					"$(inherited)",
				);
				GCC_WARN_64_TO_32_BIT_CONVERSION = YES;
				GCC_WARN_ABOUT_RETURN_TYPE = YES_ERROR;
				GCC_WARN_UNDECLARED_SELECTOR = YES;
				GCC_WARN_UNINITIALIZED_AUTOS = YES_AGGRESSIVE;
				GCC_WARN_UNUSED_FUNCTION = YES;
				GCC_WARN_UNUSED_VARIABLE = YES;
				IPHONEOS_DEPLOYMENT_TARGET = 18.2;
				LOCALIZATION_PREFERS_STRING_CATALOGS = YES;
				MTL_ENABLE_DEBUG_INFO = INCLUDE_SOURCE;
				MTL_FAST_MATH = YES;
				ONLY_ACTIVE_ARCH = YES;
				SDKROOT = iphoneos;
				SWIFT_ACTIVE_COMPILATION_CONDITIONS = "DEBUG $(inherited)";
				SWIFT_OPTIMIZATION_LEVEL = "-Onone";
			};
			name = Debug;
		};
		151C92C92DA3C9DE00BA852B /* Release */ = {
			isa = XCBuildConfiguration;
			buildSettings = {
				ALWAYS_SEARCH_USER_PATHS = NO;
				ASSETCATALOG_COMPILER_GENERATE_SWIFT_ASSET_SYMBOL_EXTENSIONS = YES;
				CLANG_ANALYZER_NONNULL = YES;
				CLANG_ANALYZER_NUMBER_OBJECT_CONVERSION = YES_AGGRESSIVE;
				CLANG_CXX_LANGUAGE_STANDARD = "gnu++20";
				CLANG_ENABLE_MODULES = YES;
				CLANG_ENABLE_OBJC_ARC = YES;
				CLANG_ENABLE_OBJC_WEAK = YES;
				CLANG_WARN_BLOCK_CAPTURE_AUTORELEASING = YES;
				CLANG_WARN_BOOL_CONVERSION = YES;
				CLANG_WARN_COMMA = YES;
				CLANG_WARN_CONSTANT_CONVERSION = YES;
				CLANG_WARN_DEPRECATED_OBJC_IMPLEMENTATIONS = YES;
				CLANG_WARN_DIRECT_OBJC_ISA_USAGE = YES_ERROR;
				CLANG_WARN_DOCUMENTATION_COMMENTS = YES;
				CLANG_WARN_EMPTY_BODY = YES;
				CLANG_WARN_ENUM_CONVERSION = YES;
				CLANG_WARN_INFINITE_RECURSION = YES;
				CLANG_WARN_INT_CONVERSION = YES;
				CLANG_WARN_NON_LITERAL_NULL_CONVERSION = YES;
				CLANG_WARN_OBJC_IMPLICIT_RETAIN_SELF = YES;
				CLANG_WARN_OBJC_LITERAL_CONVERSION = YES;
				CLANG_WARN_OBJC_ROOT_CLASS = YES_ERROR;
				CLANG_WARN_QUOTED_INCLUDE_IN_FRAMEWORK_HEADER = YES;
				CLANG_WARN_RANGE_LOOP_ANALYSIS = YES;
				CLANG_WARN_STRICT_PROTOTYPES = YES;
				CLANG_WARN_SUSPICIOUS_MOVE = YES;
				CLANG_WARN_UNGUARDED_AVAILABILITY = YES_AGGRESSIVE;
				CLANG_WARN_UNREACHABLE_CODE = YES;
				CLANG_WARN__DUPLICATE_METHOD_MATCH = YES;
				COPY_PHASE_STRIP = NO;
				DEBUG_INFORMATION_FORMAT = "dwarf-with-dsym";
				ENABLE_NS_ASSERTIONS = NO;
				ENABLE_STRICT_OBJC_MSGSEND = YES;
				ENABLE_USER_SCRIPT_SANDBOXING = NO;
				GCC_C_LANGUAGE_STANDARD = gnu17;
				GCC_NO_COMMON_BLOCKS = YES;
				GCC_WARN_64_TO_32_BIT_CONVERSION = YES;
				GCC_WARN_ABOUT_RETURN_TYPE = YES_ERROR;
				GCC_WARN_UNDECLARED_SELECTOR = YES;
				GCC_WARN_UNINITIALIZED_AUTOS = YES_AGGRESSIVE;
				GCC_WARN_UNUSED_FUNCTION = YES;
				GCC_WARN_UNUSED_VARIABLE = YES;
				IPHONEOS_DEPLOYMENT_TARGET = 18.2;
				LOCALIZATION_PREFERS_STRING_CATALOGS = YES;
				MTL_ENABLE_DEBUG_INFO = NO;
				MTL_FAST_MATH = YES;
				SDKROOT = iphoneos;
				SWIFT_COMPILATION_MODE = wholemodule;
				VALIDATE_PRODUCT = YES;
			};
			name = Release;
		};
		151C92CB2DA3C9DE00BA852B /* Debug */ = {
			isa = XCBuildConfiguration;
			buildSettings = {
				ASSETCATALOG_COMPILER_APPICON_NAME = AppIcon;
				ASSETCATALOG_COMPILER_GLOBAL_ACCENT_COLOR_NAME = AccentColor;
				CODE_SIGN_STYLE = Automatic;
				CURRENT_PROJECT_VERSION = 1;
				DEVELOPMENT_ASSET_PATHS = "\"IntTestiOSXcode16Empty/Preview Content\"";
				ENABLE_PREVIEWS = YES;
				GENERATE_INFOPLIST_FILE = YES;
				INFOPLIST_KEY_UIApplicationSceneManifest_Generation = YES;
				INFOPLIST_KEY_UIApplicationSupportsIndirectInputEvents = YES;
				INFOPLIST_KEY_UILaunchScreen_Generation = YES;
				INFOPLIST_KEY_UISupportedInterfaceOrientations_iPad = "UIInterfaceOrientationPortrait UIInterfaceOrientationPortraitUpsideDown UIInterfaceOrientationLandscapeLeft UIInterfaceOrientationLandscapeRight";
				INFOPLIST_KEY_UISupportedInterfaceOrientations_iPhone = "UIInterfaceOrientationPortrait UIInterfaceOrientationLandscapeLeft UIInterfaceOrientationLandscapeRight";
				LD_RUNPATH_SEARCH_PATHS = (
					"$(inherited)",
					"@executable_path/Frameworks",
				);
				MARKETING_VERSION = 1.0;
				PRODUCT_BUNDLE_IDENTIFIER = io.objectbox.IntTestiOSXcode16Empty;
				PRODUCT_NAME = "$(TARGET_NAME)";
				SWIFT_EMIT_LOC_STRINGS = YES;
				SWIFT_VERSION = 5.0;
				TARGETED_DEVICE_FAMILY = "1,2";
			};
			name = Debug;
		};
		151C92CC2DA3C9DE00BA852B /* Release */ = {
			isa = XCBuildConfiguration;
			buildSettings = {
				ASSETCATALOG_COMPILER_APPICON_NAME = AppIcon;
				ASSETCATALOG_COMPILER_GLOBAL_ACCENT_COLOR_NAME = AccentColor;
				CODE_SIGN_STYLE = Automatic;
				CURRENT_PROJECT_VERSION = 1;
				DEVELOPMENT_ASSET_PATHS = "\"IntTestiOSXcode16Empty/Preview Content\"";
				ENABLE_PREVIEWS = YES;
				GENERATE_INFOPLIST_FILE = YES;
				INFOPLIST_KEY_UIApplicationSceneManifest_Generation = YES;
				INFOPLIST_KEY_UIApplicationSupportsIndirectInputEvents = YES;
				INFOPLIST_KEY_UILaunchScreen_Generation = YES;
				INFOPLIST_KEY_UISupportedInterfaceOrientations_iPad = "UIInterfaceOrientationPortrait UIInterfaceOrientationPortraitUpsideDown UIInterfaceOrientationLandscapeLeft UIInterfaceOrientationLandscapeRight";
				INFOPLIST_KEY_UISupportedInterfaceOrientations_iPhone = "UIInterfaceOrientationPortrait UIInterfaceOrientationLandscapeLeft UIInterfaceOrientationLandscapeRight";
				LD_RUNPATH_SEARCH_PATHS = (
					"$(inherited)",
					"@executable_path/Frameworks",
				);
				MARKETING_VERSION = 1.0;
				PRODUCT_BUNDLE_IDENTIFIER = io.objectbox.IntTestiOSXcode16Empty;
				PRODUCT_NAME = "$(TARGET_NAME)";
				SWIFT_EMIT_LOC_STRINGS = YES;
				SWIFT_VERSION = 5.0;
				TARGETED_DEVICE_FAMILY = "1,2";
			};
			name = Release;
		};
		151C92CE2DA3C9DE00BA852B /* Debug */ = {
			isa = XCBuildConfiguration;
			buildSettings = {
				BUNDLE_LOADER = "$(TEST_HOST)";
				CODE_SIGN_STYLE = Automatic;
				CURRENT_PROJECT_VERSION = 1;
				GENERATE_INFOPLIST_FILE = YES;
				IPHONEOS_DEPLOYMENT_TARGET = 18.2;
				MARKETING_VERSION = 1.0;
				PRODUCT_BUNDLE_IDENTIFIER = io.objectbox.IntTestiOSXcode16EmptyTests;
				PRODUCT_NAME = "$(TARGET_NAME)";
				SWIFT_EMIT_LOC_STRINGS = NO;
				SWIFT_VERSION = 5.0;
				TARGETED_DEVICE_FAMILY = "1,2";
				TEST_HOST = "$(BUILT_PRODUCTS_DIR)/IntTestiOSXcode16Empty.app/$(BUNDLE_EXECUTABLE_FOLDER_PATH)/IntTestiOSXcode16Empty";
			};
			name = Debug;
		};
		151C92CF2DA3C9DE00BA852B /* Release */ = {
			isa = XCBuildConfiguration;
			buildSettings = {
				BUNDLE_LOADER = "$(TEST_HOST)";
				CODE_SIGN_STYLE = Automatic;
				CURRENT_PROJECT_VERSION = 1;
				GENERATE_INFOPLIST_FILE = YES;
				IPHONEOS_DEPLOYMENT_TARGET = 18.2;
				MARKETING_VERSION = 1.0;
				PRODUCT_BUNDLE_IDENTIFIER = io.objectbox.IntTestiOSXcode16EmptyTests;
				PRODUCT_NAME = "$(TARGET_NAME)";
				SWIFT_EMIT_LOC_STRINGS = NO;
				SWIFT_VERSION = 5.0;
				TARGETED_DEVICE_FAMILY = "1,2";
				TEST_HOST = "$(BUILT_PRODUCTS_DIR)/IntTestiOSXcode16Empty.app/$(BUNDLE_EXECUTABLE_FOLDER_PATH)/IntTestiOSXcode16Empty";
			};
			name = Release;
		};
		151C92D12DA3C9DE00BA852B /* Debug */ = {
			isa = XCBuildConfiguration;
			buildSettings = {
				CODE_SIGN_STYLE = Automatic;
				CURRENT_PROJECT_VERSION = 1;
				GENERATE_INFOPLIST_FILE = YES;
				MARKETING_VERSION = 1.0;
				PRODUCT_BUNDLE_IDENTIFIER = io.objectbox.IntTestiOSXcode16EmptyUITests;
				PRODUCT_NAME = "$(TARGET_NAME)";
				SWIFT_EMIT_LOC_STRINGS = NO;
				SWIFT_VERSION = 5.0;
				TARGETED_DEVICE_FAMILY = "1,2";
				TEST_TARGET_NAME = IntTestiOSXcode16Empty;
			};
			name = Debug;
		};
		151C92D22DA3C9DE00BA852B /* Release */ = {
			isa = XCBuildConfiguration;
			buildSettings = {
				CODE_SIGN_STYLE = Automatic;
				CURRENT_PROJECT_VERSION = 1;
				GENERATE_INFOPLIST_FILE = YES;
				MARKETING_VERSION = 1.0;
				PRODUCT_BUNDLE_IDENTIFIER = io.objectbox.IntTestiOSXcode16EmptyUITests;
				PRODUCT_NAME = "$(TARGET_NAME)";
				SWIFT_EMIT_LOC_STRINGS = NO;
				SWIFT_VERSION = 5.0;
				TARGETED_DEVICE_FAMILY = "1,2";
				TEST_TARGET_NAME = IntTestiOSXcode16Empty;
			};
			name = Release;
		};
/* End XCBuildConfiguration section */

/* Begin XCConfigurationList section */
		151C92A12DA3C9DD00BA852B /* Build configuration list for PBXProject "IntTestiOSXcode16Empty" */ = {
			isa = XCConfigurationList;
			buildConfigurations = (
				151C92C82DA3C9DE00BA852B /* Debug */,
				151C92C92DA3C9DE00BA852B /* Release */,
			);
			defaultConfigurationIsVisible = 0;
			defaultConfigurationName = Release;
		};
		151C92CA2DA3C9DE00BA852B /* Build configuration list for PBXNativeTarget "IntTestiOSXcode16Empty" */ = {
			isa = XCConfigurationList;
			buildConfigurations = (
				151C92CB2DA3C9DE00BA852B /* Debug */,
				151C92CC2DA3C9DE00BA852B /* Release */,
			);
			defaultConfigurationIsVisible = 0;
			defaultConfigurationName = Release;
		};
		151C92CD2DA3C9DE00BA852B /* Build configuration list for PBXNativeTarget "IntTestiOSXcode16EmptyTests" */ = {
			isa = XCConfigurationList;
			buildConfigurations = (
				151C92CE2DA3C9DE00BA852B /* Debug */,
				151C92CF2DA3C9DE00BA852B /* Release */,
			);
			defaultConfigurationIsVisible = 0;
			defaultConfigurationName = Release;
		};
		151C92D02DA3C9DE00BA852B /* Build configuration list for PBXNativeTarget "IntTestiOSXcode16EmptyUITests" */ = {
			isa = XCConfigurationList;
			buildConfigurations = (
				151C92D12DA3C9DE00BA852B /* Debug */,
				151C92D22DA3C9DE00BA852B /* Release */,
			);
			defaultConfigurationIsVisible = 0;
			defaultConfigurationName = Release;
		};
/* End XCConfigurationList section */
	};
	rootObject = 151C929E2DA3C9DD00BA852B /* Project object */;
}
